
Microsoft Visual Studio Solution File, Format Version 12.00
# Visual Studio Version 17
VisualStudioVersion = 17.0.32014.148
MinimumVisualStudioVersion = 10.0.40219.1
Project("{FAE04EC0-301F-11D3-BF4B-00C04F79EFBC}") = "AWSS3List", "AWSS3List\AWSS3List.csproj", "{2F2E9859-69CA-46FA-B5E9-2642F4F729CB}"
EndProject
Global
	GlobalSection(SolutionConfigurationPlatforms) = preSolution
		Debug|Any CPU = Debug|Any CPU
		Release|Any CPU = Release|Any CPU
	EndGlobalSection
	GlobalSection(ProjectConfigurationPlatforms) = postSolution
		{2F2E9859-69CA-46FA-B5E9-2642F4F729CB}.Debug|Any CPU.ActiveCfg = Debug|Any CPU
		{2F2E9859-69CA-46FA-B5E9-2642F4F729CB}.Debug|Any CPU.Build.0 = Debug|Any CPU
		{2F2E9859-69CA-46FA-B5E9-2642F4F729CB}.Release|Any CPU.ActiveCfg = Release|Any CPU
		{2F2E9859-69CA-46FA-B5E9-2642F4F729CB}.Release|Any CPU.Build.0 = Release|Any CPU
	EndGlobalSection
	GlobalSection(SolutionProperties) = preSolution
		HideSolutionNode = FALSE
	EndGlobalSection
	GlobalSection(ExtensibilityGlobals) = postSolution
		SolutionGuid = {CF291B06-5308-431E-A39F-1FF0AF6A87FB}
	EndGlobalSection
EndGlobal
